
Microsoft Visual Studio Solution File, Format Version 12.00
# Visual Studio Version 16
VisualStudioVersion = 16.0.30523.141
MinimumVisualStudioVersion = 10.0.40219.1
Project("{FAE04EC0-301F-11D3-BF4B-00C04F79EFBC}") = "FixFile", "FixFile.csproj", "{29A90DB5-82EF-4A51-B262-581EDCBE49B1}"
EndProject
Global
	GlobalSection(SolutionConfigurationPlatforms) = preSolution
		Debug|Any CPU = Debug|Any CPU
		Release|Any CPU = Release|Any CPU
	EndGlobalSection
	GlobalSection(ProjectConfigurationPlatforms) = postSolution
		{29A90DB5-82EF-4A51-B262-581EDCBE49B1}.Debug|Any CPU.ActiveCfg = Debug|Any CPU
		{29A90DB5-82EF-4A51-B262-581EDCBE49B1}.Debug|Any CPU.Build.0 = Debug|Any CPU
		{29A90DB5-82EF-4A51-B262-581EDCBE49B1}.Release|Any CPU.ActiveCfg = Release|Any CPU
		{29A90DB5-82EF-4A51-B262-581EDCBE49B1}.Release|Any CPU.Build.0 = Release|Any CPU
	EndGlobalSection
	GlobalSection(SolutionProperties) = preSolution
		HideSolutionNode = FALSE
	EndGlobalSection
	GlobalSection(ExtensibilityGlobals) = postSolution
		SolutionGuid = {C5C10C35-D930-4218-9C47-0F7BF641142B}
	EndGlobalSection
EndGlobal
